PODS:
  - Alamofire (5.5.0)
  - AlamofireImage (4.2.0):
    - Alamofire (~> 5.4)
  - IQKeyboardManager (6.5.9)
  - LanguageManager-iOS (1.2.5)
  - NVActivityIndicatorView (5.1.1):
    - NVActivityIndicatorView/Base (= 5.1.1)
  - NVActivityIndicatorView/Base (5.1.1)
  - SDWebImage (5.12.3):
    - SDWebImage/Core (= 5.12.3)
  - SDWebImage/Core (5.12.3)
  - SwiftEventBus (5.0.0)
  - SwiftyJSON (5.0.1)
  - TinyConstraints (4.0.2)

DEPENDENCIES:
  - Alamofire
  - AlamofireImage
  - IQKeyboardManager
  - LanguageManager-iOS
  - NVActivityIndicatorView
  - SDWebImage
  - SwiftEventBus
  - SwiftyJSON
  - TinyConstraints

SPEC REPOS:
  trunk:
    - Alamofire
    - AlamofireImage
    - IQKeyboardManager
    - LanguageManager-iOS
    - NVActivityIndicatorView
    - SDWebImage
    - SwiftEventBus
    - SwiftyJSON
    - TinyConstraints

SPEC CHECKSUMS:
  Alamofire: 1c4fb5369c3fe93d2857c780d8bbe09f06f97e7c
  AlamofireImage: 34a2d90b0e5fe6a5605f85ae4b7b01e784c60192
  IQKeyboardManager: 241cc94ccabc9deb8f8bd7d12f00d73288d13ecc
  LanguageManager-iOS: 049345fe4d1c5fbe22af93d438540917f4936359
  NVActivityIndicatorView: 1f6c5687f1171810aa27a3296814dc2d7dec3667
  SDWebImage: 53179a2dba77246efa8a9b85f5c5b21f8f43e38f
  SwiftEventBus: b30f617a6aca5a9336464b4d3f5931034762f2d5
  SwiftyJSON: 2f33a42c6fbc52764d96f13368585094bfd8aa5e
  TinyConstraints: 7b7ccc0c485bb3bb47082138ff28bc33cd49897f

PODFILE CHECKSUM: 3d2d67fa34fcc990f7e18f17864ecf4f04d0fc72

COCOAPODS: 1.11.2
